// !$*UTF8*$!
{
	archiveVersion = 1;
	classes = {
	};
	objectVersion = 52;
	objects = {

/* Begin PBXBuildFile section */
		446946FB43D03C17E54B0C6C /* Pods_Charger.framework in Frameworks */ = {isa = PBXBuildFile; fileRef = 5988B11A37D355C22C6E0BC8 /* Pods_Charger.framework */; };
		7904B9F1273DD0CD008227B7 /* DashboardContentView.swift in Sources */ = {isa = PBXBuildFile; fileRef = 7904B9F0273DD0CD008227B7 /* DashboardContentView.swift */; };
		7904B9F3273DD0CE008227B7 /* Assets.xcassets in Resources */ = {isa = PBXBuildFile; fileRef = 7904B9F2273DD0CE008227B7 /* Assets.xcassets */; };
		7904B9F6273DD0CE008227B7 /* Preview Assets.xcassets in Resources */ = {isa = PBXBuildFile; fileRef = 7904B9F5273DD0CE008227B7 /* Preview Assets.xcassets */; };
		7904BA01273DD1E6008227B7 /* BatteryProgressView.swift in Sources */ = {isa = PBXBuildFile; fileRef = 7904BA00273DD1E6008227B7 /* BatteryProgressView.swift */; };
		7904BA04273DD206008227B7 /* DataManager.swift in Sources */ = {isa = PBXBuildFile; fileRef = 7904BA03273DD206008227B7 /* DataManager.swift */; };
		7904BA07273DD27A008227B7 /* ChargerTheme.swift in Sources */ = {isa = PBXBuildFile; fileRef = 7904BA06273DD27A008227B7 /* ChargerTheme.swift */; };
		7904BA0A273DD34B008227B7 /* AppConfig.swift in Sources */ = {isa = PBXBuildFile; fileRef = 7904BA09273DD34B008227B7 /* AppConfig.swift */; };
		7904BA0E273DD3E9008227B7 /* ChargerThemes.json in Resources */ = {isa = PBXBuildFile; fileRef = 7904BA0D273DD3E9008227B7 /* ChargerThemes.json */; };
		7904BA1C273ED51C008227B7 /* charging4.mp4 in Resources */ = {isa = PBXBuildFile; fileRef = 7904BA12273ED51C008227B7 /* charging4.mp4 */; };
		7904BA1D273ED51C008227B7 /* charging5.mp4 in Resources */ = {isa = PBXBuildFile; fileRef = 7904BA13273ED51C008227B7 /* charging5.mp4 */; };
		7904BA1E273ED51C008227B7 /* charging2.mp4 in Resources */ = {isa = PBXBuildFile; fileRef = 7904BA14273ED51C008227B7 /* charging2.mp4 */; };
		7904BA1F273ED51C008227B7 /* charging1.mp4 in Resources */ = {isa = PBXBuildFile; fileRef = 7904BA15273ED51C008227B7 /* charging1.mp4 */; };
		7904BA20273ED51C008227B7 /* charging6.mp4 in Resources */ = {isa = PBXBuildFile; fileRef = 7904BA16273ED51C008227B7 /* charging6.mp4 */; };
		7904BA21273ED51C008227B7 /* charging8.mp4 in Resources */ = {isa = PBXBuildFile; fileRef = 7904BA17273ED51C008227B7 /* charging8.mp4 */; };
		7904BA22273ED51C008227B7 /* charging7.mp4 in Resources */ = {isa = PBXBuildFile; fileRef = 7904BA18273ED51C008227B7 /* charging7.mp4 */; };
		7904BA23273ED51C008227B7 /* charging10.mp4 in Resources */ = {isa = PBXBuildFile; fileRef = 7904BA19273ED51C008227B7 /* charging10.mp4 */; };
		7904BA24273ED51C008227B7 /* charging3.mp4 in Resources */ = {isa = PBXBuildFile; fileRef = 7904BA1A273ED51C008227B7 /* charging3.mp4 */; };
		7904BA25273ED51C008227B7 /* charging9.mp4 in Resources */ = {isa = PBXBuildFile; fileRef = 7904BA1B273ED51C008227B7 /* charging9.mp4 */; };
		7904BA28273ED8CA008227B7 /* ChargerApp.swift in Sources */ = {isa = PBXBuildFile; fileRef = 7904B9EE273DD0CD008227B7 /* ChargerApp.swift */; };
		7983A03E273F46AA000CFADC /* CategoryThemesContentView.swift in Sources */ = {isa = PBXBuildFile; fileRef = 7983A03D273F46AA000CFADC /* CategoryThemesContentView.swift */; };
		7983A04227400B0C000CFADC /* SettingsContentView.swift in Sources */ = {isa = PBXBuildFile; fileRef = 7983A04127400B0C000CFADC /* SettingsContentView.swift */; };
		7983A04527400B74000CFADC /* PurchaseKit.xcframework in Frameworks */ = {isa = PBXBuildFile; fileRef = 7983A04327400B70000CFADC /* PurchaseKit.xcframework */; };
		7983A04627400B74000CFADC /* PurchaseKit.xcframework in Embed Frameworks */ = {isa = PBXBuildFile; fileRef = 7983A04327400B70000CFADC /* PurchaseKit.xcframework */; settings = {ATTRIBUTES = (CodeSignOnCopy, RemoveHeadersOnCopy, ); }; };
		7983A04927400E0E000CFADC /* TutorialContentView.swift in Sources */ = {isa = PBXBuildFile; fileRef = 7983A04827400E0E000CFADC /* TutorialContentView.swift */; };
		7983A04B274015FE000CFADC /* Launch.storyboard in Resources */ = {isa = PBXBuildFile; fileRef = 7983A04A274015FE000CFADC /* Launch.storyboard */; };
		79929A57273EDA0900C4FFF8 /* CategorySectionView.swift in Sources */ = {isa = PBXBuildFile; fileRef = 79929A56273EDA0900C4FFF8 /* CategorySectionView.swift */; };
		79929A8E273F020E00C4FFF8 /* PreviewContentView.swift in Sources */ = {isa = PBXBuildFile; fileRef = 79929A8D273F020E00C4FFF8 /* PreviewContentView.swift */; };
		79929A90273F0E1F00C4FFF8 /* ChargingIconsContentView.swift in Sources */ = {isa = PBXBuildFile; fileRef = 79929A8F273F0E1F00C4FFF8 /* ChargingIconsContentView.swift */; };
		79929A99273F36A800C4FFF8 /* electric static.wav in Resources */ = {isa = PBXBuildFile; fileRef = 79929A92273F36A700C4FFF8 /* electric static.wav */; };
		79929A9A273F36A800C4FFF8 /* slot machine alarm.wav in Resources */ = {isa = PBXBuildFile; fileRef = 79929A93273F36A700C4FFF8 /* slot machine alarm.wav */; };
		79929A9B273F36A800C4FFF8 /* sport start.wav in Resources */ = {isa = PBXBuildFile; fileRef = 79929A94273F36A700C4FFF8 /* sport start.wav */; };
		79929A9C273F36A800C4FFF8 /* signal alert.wav in Resources */ = {isa = PBXBuildFile; fileRef = 79929A95273F36A800C4FFF8 /* signal alert.wav */; };
		79929A9D273F36A800C4FFF8 /* electric whoosh.wav in Resources */ = {isa = PBXBuildFile; fileRef = 79929A96273F36A800C4FFF8 /* electric whoosh.wav */; };
		79929A9E273F36A800C4FFF8 /* scanning alarm.wav in Resources */ = {isa = PBXBuildFile; fileRef = 79929A97273F36A800C4FFF8 /* scanning alarm.wav */; };
		79929A9F273F36A800C4FFF8 /* happy bells.wav in Resources */ = {isa = PBXBuildFile; fileRef = 79929A98273F36A800C4FFF8 /* happy bells.wav */; };
		79929AA1273F3B3000C4FFF8 /* ChargingSoundsContentView.swift in Sources */ = {isa = PBXBuildFile; fileRef = 79929AA0273F3B3000C4FFF8 /* ChargingSoundsContentView.swift */; };
/* End PBXBuildFile section */

/* Begin PBXCopyFilesBuildPhase section */
		7983A04727400B74000CFADC /* Embed Frameworks */ = {
			isa = PBXCopyFilesBuildPhase;
			buildActionMask = 2147483647;
			dstPath = "";
			dstSubfolderSpec = 10;
			files = (
				7983A04627400B74000CFADC /* PurchaseKit.xcframework in Embed Frameworks */,
			);
			name = "Embed Frameworks";
			runOnlyForDeploymentPostprocessing = 0;
		};
/* End PBXCopyFilesBuildPhase section */

/* Begin PBXFileReference section */
		39E62F6B8330CFF56D257674 /* Pods-Charger.release.xcconfig */ = {isa = PBXFileReference; includeInIndex = 1; lastKnownFileType = text.xcconfig; name = "Pods-Charger.release.xcconfig"; path = "Target Support Files/Pods-Charger/Pods-Charger.release.xcconfig"; sourceTree = "<group>"; };
		5988B11A37D355C22C6E0BC8 /* Pods_Charger.framework */ = {isa = PBXFileReference; explicitFileType = wrapper.framework; includeInIndex = 0; path = Pods_Charger.framework; sourceTree = BUILT_PRODUCTS_DIR; };
		7904B9EB273DD0CD008227B7 /* Chargersy.app */ = {isa = PBXFileReference; explicitFileType = wrapper.application; includeInIndex = 0; path = Chargersy.app; sourceTree = BUILT_PRODUCTS_DIR; };
		7904B9EE273DD0CD008227B7 /* ChargerApp.swift */ = {isa = PBXFileReference; lastKnownFileType = sourcecode.swift; path = ChargerApp.swift; sourceTree = "<group>"; };
		7904B9F0273DD0CD008227B7 /* DashboardContentView.swift */ = {isa = PBXFileReference; lastKnownFileType = sourcecode.swift; path = DashboardContentView.swift; sourceTree = "<group>"; };
		7904B9F2273DD0CE008227B7 /* Assets.xcassets */ = {isa = PBXFileReference; lastKnownFileType = folder.assetcatalog; path = Assets.xcassets; sourceTree = "<group>"; };
		7904B9F5273DD0CE008227B7 /* Preview Assets.xcassets */ = {isa = PBXFileReference; lastKnownFileType = folder.assetcatalog; path = "Preview Assets.xcassets"; sourceTree = "<group>"; };
		7904B9F7273DD0CE008227B7 /* Info.plist */ = {isa = PBXFileReference; lastKnownFileType = text.plist.xml; path = Info.plist; sourceTree = "<group>"; };
		7904BA00273DD1E6008227B7 /* BatteryProgressView.swift */ = {isa = PBXFileReference; lastKnownFileType = sourcecode.swift; path = BatteryProgressView.swift; sourceTree = "<group>"; };
		7904BA03273DD206008227B7 /* DataManager.swift */ = {isa = PBXFileReference; lastKnownFileType = sourcecode.swift; path = DataManager.swift; sourceTree = "<group>"; };
		7904BA06273DD27A008227B7 /* ChargerTheme.swift */ = {isa = PBXFileReference; lastKnownFileType = sourcecode.swift; path = ChargerTheme.swift; sourceTree = "<group>"; };
		7904BA09273DD34B008227B7 /* AppConfig.swift */ = {isa = PBXFileReference; lastKnownFileType = sourcecode.swift; path = AppConfig.swift; sourceTree = "<group>"; };
		7904BA0D273DD3E9008227B7 /* ChargerThemes.json */ = {isa = PBXFileReference; lastKnownFileType = text.json; path = ChargerThemes.json; sourceTree = "<group>"; };
		7904BA12273ED51C008227B7 /* charging4.mp4 */ = {isa = PBXFileReference; lastKnownFileType = file; path = charging4.mp4; sourceTree = "<group>"; };
		7904BA13273ED51C008227B7 /* charging5.mp4 */ = {isa = PBXFileReference; lastKnownFileType = file; path = charging5.mp4; sourceTree = "<group>"; };
		7904BA14273ED51C008227B7 /* charging2.mp4 */ = {isa = PBXFileReference; lastKnownFileType = file; path = charging2.mp4; sourceTree = "<group>"; };
		7904BA15273ED51C008227B7 /* charging1.mp4 */ = {isa = PBXFileReference; lastKnownFileType = file; path = charging1.mp4; sourceTree = "<group>"; };
		7904BA16273ED51C008227B7 /* charging6.mp4 */ = {isa = PBXFileReference; lastKnownFileType = file; path = charging6.mp4; sourceTree = "<group>"; };
		7904BA17273ED51C008227B7 /* charging8.mp4 */ = {isa = PBXFileReference; lastKnownFileType = file; path = charging8.mp4; sourceTree = "<group>"; };
		7904BA18273ED51C008227B7 /* charging7.mp4 */ = {isa = PBXFileReference; lastKnownFileType = file; path = charging7.mp4; sourceTree = "<group>"; };
		7904BA19273ED51C008227B7 /* charging10.mp4 */ = {isa = PBXFileReference; lastKnownFileType = file; path = charging10.mp4; sourceTree = "<group>"; };
		7904BA1A273ED51C008227B7 /* charging3.mp4 */ = {isa = PBXFileReference; lastKnownFileType = file; path = charging3.mp4; sourceTree = "<group>"; };
		7904BA1B273ED51C008227B7 /* charging9.mp4 */ = {isa = PBXFileReference; lastKnownFileType = file; path = charging9.mp4; sourceTree = "<group>"; };
		7983A03D273F46AA000CFADC /* CategoryThemesContentView.swift */ = {isa = PBXFileReference; lastKnownFileType = sourcecode.swift; path = CategoryThemesContentView.swift; sourceTree = "<group>"; };
		7983A04127400B0C000CFADC /* SettingsContentView.swift */ = {isa = PBXFileReference; lastKnownFileType = sourcecode.swift; path = SettingsContentView.swift; sourceTree = "<group>"; };
		7983A04327400B70000CFADC /* PurchaseKit.xcframework */ = {isa = PBXFileReference; lastKnownFileType = wrapper.xcframework; path = PurchaseKit.xcframework; sourceTree = "<group>"; };
		7983A04827400E0E000CFADC /* TutorialContentView.swift */ = {isa = PBXFileReference; lastKnownFileType = sourcecode.swift; path = TutorialContentView.swift; sourceTree = "<group>"; };
		7983A04A274015FE000CFADC /* Launch.storyboard */ = {isa = PBXFileReference; fileEncoding = 4; lastKnownFileType = file.storyboard; path = Launch.storyboard; sourceTree = "<group>"; };
		79929A56273EDA0900C4FFF8 /* CategorySectionView.swift */ = {isa = PBXFileReference; lastKnownFileType = sourcecode.swift; path = CategorySectionView.swift; sourceTree = "<group>"; };
		79929A8D273F020E00C4FFF8 /* PreviewContentView.swift */ = {isa = PBXFileReference; lastKnownFileType = sourcecode.swift; path = PreviewContentView.swift; sourceTree = "<group>"; };
		79929A8F273F0E1F00C4FFF8 /* ChargingIconsContentView.swift */ = {isa = PBXFileReference; lastKnownFileType = sourcecode.swift; path = ChargingIconsContentView.swift; sourceTree = "<group>"; };
		79929A92273F36A700C4FFF8 /* electric static.wav */ = {isa = PBXFileReference; lastKnownFileType = audio.wav; path = "electric static.wav"; sourceTree = "<group>"; };
		79929A93273F36A700C4FFF8 /* slot machine alarm.wav */ = {isa = PBXFileReference; lastKnownFileType = audio.wav; path = "slot machine alarm.wav"; sourceTree = "<group>"; };
		79929A94273F36A700C4FFF8 /* sport start.wav */ = {isa = PBXFileReference; lastKnownFileType = audio.wav; path = "sport start.wav"; sourceTree = "<group>"; };
		79929A95273F36A800C4FFF8 /* signal alert.wav */ = {isa = PBXFileReference; lastKnownFileType = audio.wav; path = "signal alert.wav"; sourceTree = "<group>"; };
		79929A96273F36A800C4FFF8 /* electric whoosh.wav */ = {isa = PBXFileReference; lastKnownFileType = audio.wav; path = "electric whoosh.wav"; sourceTree = "<group>"; };
		79929A97273F36A800C4FFF8 /* scanning alarm.wav */ = {isa = PBXFileReference; lastKnownFileType = audio.wav; path = "scanning alarm.wav"; sourceTree = "<group>"; };
		79929A98273F36A800C4FFF8 /* happy bells.wav */ = {isa = PBXFileReference; lastKnownFileType = audio.wav; path = "happy bells.wav"; sourceTree = "<group>"; };
		79929AA0273F3B3000C4FFF8 /* ChargingSoundsContentView.swift */ = {isa = PBXFileReference; lastKnownFileType = sourcecode.swift; path = ChargingSoundsContentView.swift; sourceTree = "<group>"; };
		CBE82CC1D48465E165A54D6B /* Pods-Charger.debug.xcconfig */ = {isa = PBXFileReference; includeInIndex = 1; lastKnownFileType = text.xcconfig; name = "Pods-Charger.debug.xcconfig"; path = "Target Support Files/Pods-Charger/Pods-Charger.debug.xcconfig"; sourceTree = "<group>"; };
/* End PBXFileReference section */

/* Begin PBXFrameworksBuildPhase section */
		7904B9E8273DD0CD008227B7 /* Frameworks */ = {
			isa = PBXFrameworksBuildPhase;
			buildActionMask = 2147483647;
			files = (
				7983A04527400B74000CFADC /* PurchaseKit.xcframework in Frameworks */,
				446946FB43D03C17E54B0C6C /* Pods_Charger.framework in Frameworks */,
			);
			runOnlyForDeploymentPostprocessing = 0;
		};
/* End PBXFrameworksBuildPhase section */

/* Begin PBXGroup section */
		74D86CA8410AABC1F04ABE0B /* Pods */ = {
			isa = PBXGroup;
			children = (
				CBE82CC1D48465E165A54D6B /* Pods-Charger.debug.xcconfig */,
				39E62F6B8330CFF56D257674 /* Pods-Charger.release.xcconfig */,
			);
			path = Pods;
			sourceTree = "<group>";
		};
		7904B9E2273DD0CD008227B7 = {
			isa = PBXGroup;
			children = (
				7904B9ED273DD0CD008227B7 /* Charger */,
				7904B9EC273DD0CD008227B7 /* Products */,
				74D86CA8410AABC1F04ABE0B /* Pods */,
				E4B8C68829ABDE7FB950C44A /* Frameworks */,
			);
			sourceTree = "<group>";
		};
		7904B9EC273DD0CD008227B7 /* Products */ = {
			isa = PBXGroup;
			children = (
				7904B9EB273DD0CD008227B7 /* Chargersy.app */,
			);
			name = Products;
			sourceTree = "<group>";
		};
		7904B9ED273DD0CD008227B7 /* Charger */ = {
			isa = PBXGroup;
			children = (
				7904B9FF273DD17A008227B7 /* Views */,
				7904B9FE273DD0E6008227B7 /* Flows */,
				7904BA05273DD262008227B7 /* Models */,
				7904B9FD273DD0D7008227B7 /* Lifecycle */,
				7904BA02273DD1F6008227B7 /* DataManager */,
				7904BA08273DD33C008227B7 /* Configurations */,
				7904B9F2273DD0CE008227B7 /* Assets.xcassets */,
				7983A04327400B70000CFADC /* PurchaseKit.xcframework */,
				7983A04A274015FE000CFADC /* Launch.storyboard */,
				7904B9F7273DD0CE008227B7 /* Info.plist */,
				7904B9F4273DD0CE008227B7 /* Preview Content */,
			);
			path = Charger;
			sourceTree = "<group>";
		};
		7904B9F4273DD0CE008227B7 /* Preview Content */ = {
			isa = PBXGroup;
			children = (
				7904B9F5273DD0CE008227B7 /* Preview Assets.xcassets */,
			);
			path = "Preview Content";
			sourceTree = "<group>";
		};
		7904B9FD273DD0D7008227B7 /* Lifecycle */ = {
			isa = PBXGroup;
			children = (
				7904B9EE273DD0CD008227B7 /* ChargerApp.swift */,
			);
			path = Lifecycle;
			sourceTree = "<group>";
		};
		7904B9FE273DD0E6008227B7 /* Flows */ = {
			isa = PBXGroup;
			children = (
				7904B9F0273DD0CD008227B7 /* DashboardContentView.swift */,
				79929A8D273F020E00C4FFF8 /* PreviewContentView.swift */,
				79929A8F273F0E1F00C4FFF8 /* ChargingIconsContentView.swift */,
				79929AA0273F3B3000C4FFF8 /* ChargingSoundsContentView.swift */,
				7983A03D273F46AA000CFADC /* CategoryThemesContentView.swift */,
				7983A04127400B0C000CFADC /* SettingsContentView.swift */,
				7983A04827400E0E000CFADC /* TutorialContentView.swift */,
			);
			path = Flows;
			sourceTree = "<group>";
		};
		7904B9FF273DD17A008227B7 /* Views */ = {
			isa = PBXGroup;
			children = (
				7904BA00273DD1E6008227B7 /* BatteryProgressView.swift */,
				79929A56273EDA0900C4FFF8 /* CategorySectionView.swift */,
			);
			path = Views;
			sourceTree = "<group>";
		};
		7904BA02273DD1F6008227B7 /* DataManager */ = {
			isa = PBXGroup;
			children = (
				7904BA03273DD206008227B7 /* DataManager.swift */,
			);
			path = DataManager;
			sourceTree = "<group>";
		};
		7904BA05273DD262008227B7 /* Models */ = {
			isa = PBXGroup;
			children = (
				7904BA06273DD27A008227B7 /* ChargerTheme.swift */,
			);
			path = Models;
			sourceTree = "<group>";
		};
		7904BA08273DD33C008227B7 /* Configurations */ = {
			isa = PBXGroup;
			children = (
				79929A91273F2AB900C4FFF8 /* Sounds */,
				7904BA11273ED510008227B7 /* Animations */,
				7904BA09273DD34B008227B7 /* AppConfig.swift */,
				7904BA0D273DD3E9008227B7 /* ChargerThemes.json */,
			);
			path = Configurations;
			sourceTree = "<group>";
		};
		7904BA11273ED510008227B7 /* Animations */ = {
			isa = PBXGroup;
			children = (
				7904BA15273ED51C008227B7 /* charging1.mp4 */,
				7904BA14273ED51C008227B7 /* charging2.mp4 */,
				7904BA1A273ED51C008227B7 /* charging3.mp4 */,
				7904BA12273ED51C008227B7 /* charging4.mp4 */,
				7904BA13273ED51C008227B7 /* charging5.mp4 */,
				7904BA16273ED51C008227B7 /* charging6.mp4 */,
				7904BA18273ED51C008227B7 /* charging7.mp4 */,
				7904BA17273ED51C008227B7 /* charging8.mp4 */,
				7904BA1B273ED51C008227B7 /* charging9.mp4 */,
				7904BA19273ED51C008227B7 /* charging10.mp4 */,
			);
			path = Animations;
			sourceTree = "<group>";
		};
		79929A91273F2AB900C4FFF8 /* Sounds */ = {
			isa = PBXGroup;
			children = (
				79929A92273F36A700C4FFF8 /* electric static.wav */,
				79929A96273F36A800C4FFF8 /* electric whoosh.wav */,
				79929A98273F36A800C4FFF8 /* happy bells.wav */,
				79929A97273F36A800C4FFF8 /* scanning alarm.wav */,
				79929A95273F36A800C4FFF8 /* signal alert.wav */,
				79929A93273F36A700C4FFF8 /* slot machine alarm.wav */,
				79929A94273F36A700C4FFF8 /* sport start.wav */,
			);
			path = Sounds;
			sourceTree = "<group>";
		};
		E4B8C68829ABDE7FB950C44A /* Frameworks */ = {
			isa = PBXGroup;
			children = (
				5988B11A37D355C22C6E0BC8 /* Pods_Charger.framework */,
			);
			name = Frameworks;
			sourceTree = "<group>";
		};
/* End PBXGroup section */

/* Begin PBXNativeTarget section */
		7904B9EA273DD0CD008227B7 /* Chargersy */ = {
			isa = PBXNativeTarget;
			buildConfigurationList = 7904B9FA273DD0CE008227B7 /* Build configuration list for PBXNativeTarget "Chargersy" */;
			buildPhases = (
				80970DE8D6823237253A977E /* [CP] Check Pods Manifest.lock */,
				7904B9E7273DD0CD008227B7 /* Sources */,
				7904B9E8273DD0CD008227B7 /* Frameworks */,
				7904B9E9273DD0CD008227B7 /* Resources */,
				7983A04727400B74000CFADC /* Embed Frameworks */,
				C2F74EA90BEA735CEF15055F /* [CP] Embed Pods Frameworks */,
			);
			buildRules = (
			);
			dependencies = (
			);
			name = Chargersy;
			productName = Charger;
			productReference = 7904B9EB273DD0CD008227B7 /* Chargersy.app */;
			productType = "com.apple.product-type.application";
		};
/* End PBXNativeTarget section */

/* Begin PBXProject section */
		7904B9E3273DD0CD008227B7 /* Project object */ = {
			isa = PBXProject;
			attributes = {
				LastSwiftUpdateCheck = 1250;
				LastUpgradeCheck = 1250;
				TargetAttributes = {
					7904B9EA273DD0CD008227B7 = {
						CreatedOnToolsVersion = 12.5.1;
					};
				};
			};
			buildConfigurationList = 7904B9E6273DD0CD008227B7 /* Build configuration list for PBXProject "Chargersy" */;
			compatibilityVersion = "Xcode 9.3";
			developmentRegion = en;
			hasScannedForEncodings = 0;
			knownRegions = (
				en,
				Base,
			);
			mainGroup = 7904B9E2273DD0CD008227B7;
			productRefGroup = 7904B9EC273DD0CD008227B7 /* Products */;
			projectDirPath = "";
			projectRoot = "";
			targets = (
				7904B9EA273DD0CD008227B7 /* Chargersy */,
			);
		};
/* End PBXProject section */

/* Begin PBXResourcesBuildPhase section */
		7904B9E9273DD0CD008227B7 /* Resources */ = {
			isa = PBXResourcesBuildPhase;
			buildActionMask = 2147483647;
			files = (
				7904BA22273ED51C008227B7 /* charging7.mp4 in Resources */,
				79929A9B273F36A800C4FFF8 /* sport start.wav in Resources */,
				79929A9C273F36A800C4FFF8 /* signal alert.wav in Resources */,
				7904BA0E273DD3E9008227B7 /* ChargerThemes.json in Resources */,
				79929A99273F36A800C4FFF8 /* electric static.wav in Resources */,
				7904BA23273ED51C008227B7 /* charging10.mp4 in Resources */,
				7904B9F6273DD0CE008227B7 /* Preview Assets.xcassets in Resources */,
				79929A9E273F36A800C4FFF8 /* scanning alarm.wav in Resources */,
				7904B9F3273DD0CE008227B7 /* Assets.xcassets in Resources */,
				7904BA1E273ED51C008227B7 /* charging2.mp4 in Resources */,
				7904BA25273ED51C008227B7 /* charging9.mp4 in Resources */,
				7983A04B274015FE000CFADC /* Launch.storyboard in Resources */,
				7904BA24273ED51C008227B7 /* charging3.mp4 in Resources */,
				7904BA1C273ED51C008227B7 /* charging4.mp4 in Resources */,
				7904BA20273ED51C008227B7 /* charging6.mp4 in Resources */,
				7904BA21273ED51C008227B7 /* charging8.mp4 in Resources */,
				79929A9D273F36A800C4FFF8 /* electric whoosh.wav in Resources */,
				7904BA1D273ED51C008227B7 /* charging5.mp4 in Resources */,
				79929A9A273F36A800C4FFF8 /* slot machine alarm.wav in Resources */,
				7904BA1F273ED51C008227B7 /* charging1.mp4 in Resources */,
				79929A9F273F36A800C4FFF8 /* happy bells.wav in Resources */,
			);
			runOnlyForDeploymentPostprocessing = 0;
		};
/* End PBXResourcesBuildPhase section */

/* Begin PBXShellScriptBuildPhase section */
		80970DE8D6823237253A977E /* [CP] Check Pods Manifest.lock */ = {
			isa = PBXShellScriptBuildPhase;
			buildActionMask = 2147483647;
			files = (
			);
			inputFileListPaths = (
			);
			inputPaths = (
				"${PODS_PODFILE_DIR_PATH}/Podfile.lock",
				"${PODS_ROOT}/Manifest.lock",
			);
			name = "[CP] Check Pods Manifest.lock";
			outputFileListPaths = (
			);
			outputPaths = (
				"$(DERIVED_FILE_DIR)/Pods-Charger-checkManifestLockResult.txt",
			);
			runOnlyForDeploymentPostprocessing = 0;
			shellPath = /bin/sh;
			shellScript = "diff \"${PODS_PODFILE_DIR_PATH}/Podfile.lock\" \"${PODS_ROOT}/Manifest.lock\" > /dev/null\nif [ $? != 0 ] ; then\n    # print error to STDERR\n    echo \"error: The sandbox is not in sync with the Podfile.lock. Run 'pod install' or update your CocoaPods installation.\" >&2\n    exit 1\nfi\n# This output is used by Xcode 'outputs' to avoid re-running this script phase.\necho \"SUCCESS\" > \"${SCRIPT_OUTPUT_FILE_0}\"\n";
			showEnvVarsInLog = 0;
		};
		C2F74EA90BEA735CEF15055F /* [CP] Embed Pods Frameworks */ = {
			isa = PBXShellScriptBuildPhase;
			buildActionMask = 2147483647;
			files = (
			);
			inputFileListPaths = (
				"${PODS_ROOT}/Target Support Files/Pods-Charger/Pods-Charger-frameworks-${CONFIGURATION}-input-files.xcfilelist",
			);
			name = "[CP] Embed Pods Frameworks";
			outputFileListPaths = (
				"${PODS_ROOT}/Target Support Files/Pods-Charger/Pods-Charger-frameworks-${CONFIGURATION}-output-files.xcfilelist",
			);
			runOnlyForDeploymentPostprocessing = 0;
			shellPath = /bin/sh;
			shellScript = "\"${PODS_ROOT}/Target Support Files/Pods-Charger/Pods-Charger-frameworks.sh\"\n";
			showEnvVarsInLog = 0;
		};
/* End PBXShellScriptBuildPhase section */

/* Begin PBXSourcesBuildPhase section */
		7904B9E7273DD0CD008227B7 /* Sources */ = {
			isa = PBXSourcesBuildPhase;
			buildActionMask = 2147483647;
			files = (
				7904BA28273ED8CA008227B7 /* ChargerApp.swift in Sources */,
				7904BA07273DD27A008227B7 /* ChargerTheme.swift in Sources */,
				7904B9F1273DD0CD008227B7 /* DashboardContentView.swift in Sources */,
				7983A04227400B0C000CFADC /* SettingsContentView.swift in Sources */,
				79929A8E273F020E00C4FFF8 /* PreviewContentView.swift in Sources */,
				7904BA04273DD206008227B7 /* DataManager.swift in Sources */,
				79929AA1273F3B3000C4FFF8 /* ChargingSoundsContentView.swift in Sources */,
				79929A90273F0E1F00C4FFF8 /* ChargingIconsContentView.swift in Sources */,
				7904BA0A273DD34B008227B7 /* AppConfig.swift in Sources */,
				7983A03E273F46AA000CFADC /* CategoryThemesContentView.swift in Sources */,
				79929A57273EDA0900C4FFF8 /* CategorySectionView.swift in Sources */,
				7904BA01273DD1E6008227B7 /* BatteryProgressView.swift in Sources */,
				7983A04927400E0E000CFADC /* TutorialContentView.swift in Sources */,
			);
			runOnlyForDeploymentPostprocessing = 0;
		};
/* End PBXSourcesBuildPhase section */

/* Begin XCBuildConfiguration section */
		7904B9F8273DD0CE008227B7 /* Debug */ = {
			isa = XCBuildConfiguration;
			buildSettings = {
				ALWAYS_SEARCH_USER_PATHS = NO;
				CLANG_ANALYZER_NONNULL = YES;
				CLANG_ANALYZER_NUMBER_OBJECT_CONVERSION = YES_AGGRESSIVE;
				CLANG_CXX_LANGUAGE_STANDARD = "gnu++14";
				CLANG_CXX_LIBRARY = "libc++";
				CLANG_ENABLE_MODULES = YES;
				CLANG_ENABLE_OBJC_ARC = YES;
				CLANG_ENABLE_OBJC_WEAK = YES;
				CLANG_WARN_BLOCK_CAPTURE_AUTORELEASING = YES;
				CLANG_WARN_BOOL_CONVERSION = YES;
				CLANG_WARN_COMMA = YES;
				CLANG_WARN_CONSTANT_CONVERSION = YES;
				CLANG_WARN_DEPRECATED_OBJC_IMPLEMENTATIONS = YES;
				CLANG_WARN_DIRECT_OBJC_ISA_USAGE = YES_ERROR;
				CLANG_WARN_DOCUMENTATION_COMMENTS = YES;
				CLANG_WARN_EMPTY_BODY = YES;
				CLANG_WARN_ENUM_CONVERSION = YES;
				CLANG_WARN_INFINITE_RECURSION = YES;
				CLANG_WARN_INT_CONVERSION = YES;
				CLANG_WARN_NON_LITERAL_NULL_CONVERSION = YES;
				CLANG_WARN_OBJC_IMPLICIT_RETAIN_SELF = YES;
				CLANG_WARN_OBJC_LITERAL_CONVERSION = YES;
				CLANG_WARN_OBJC_ROOT_CLASS = YES_ERROR;
				CLANG_WARN_QUOTED_INCLUDE_IN_FRAMEWORK_HEADER = YES;
				CLANG_WARN_RANGE_LOOP_ANALYSIS = YES;
				CLANG_WARN_STRICT_PROTOTYPES = YES;
				CLANG_WARN_SUSPICIOUS_MOVE = YES;
				CLANG_WARN_UNGUARDED_AVAILABILITY = YES_AGGRESSIVE;
				CLANG_WARN_UNREACHABLE_CODE = YES;
				CLANG_WARN__DUPLICATE_METHOD_MATCH = YES;
				COPY_PHASE_STRIP = NO;
				DEBUG_INFORMATION_FORMAT = dwarf;
				ENABLE_STRICT_OBJC_MSGSEND = YES;
				ENABLE_TESTABILITY = YES;
				GCC_C_LANGUAGE_STANDARD = gnu11;
				GCC_DYNAMIC_NO_PIC = NO;
				GCC_NO_COMMON_BLOCKS = YES;
				GCC_OPTIMIZATION_LEVEL = 0;
				GCC_PREPROCESSOR_DEFINITIONS = (
					"DEBUG=1",
					"$(inherited)",
				);
				GCC_WARN_64_TO_32_BIT_CONVERSION = YES;
				GCC_WARN_ABOUT_RETURN_TYPE = YES_ERROR;
				GCC_WARN_UNDECLARED_SELECTOR = YES;
				GCC_WARN_UNINITIALIZED_AUTOS = YES_AGGRESSIVE;
				GCC_WARN_UNUSED_FUNCTION = YES;
				GCC_WARN_UNUSED_VARIABLE = YES;
				IPHONEOS_DEPLOYMENT_TARGET = 14.5;
				MTL_ENABLE_DEBUG_INFO = INCLUDE_SOURCE;
				MTL_FAST_MATH = YES;
				ONLY_ACTIVE_ARCH = YES;
				SDKROOT = iphoneos;
				SWIFT_ACTIVE_COMPILATION_CONDITIONS = DEBUG;
				SWIFT_OPTIMIZATION_LEVEL = "-Onone";
			};
			name = Debug;
		};
		7904B9F9273DD0CE008227B7 /* Release */ = {
			isa = XCBuildConfiguration;
			buildSettings = {
				ALWAYS_SEARCH_USER_PATHS = NO;
				CLANG_ANALYZER_NONNULL = YES;
				CLANG_ANALYZER_NUMBER_OBJECT_CONVERSION = YES_AGGRESSIVE;
				CLANG_CXX_LANGUAGE_STANDARD = "gnu++14";
				CLANG_CXX_LIBRARY = "libc++";
				CLANG_ENABLE_MODULES = YES;
				CLANG_ENABLE_OBJC_ARC = YES;
				CLANG_ENABLE_OBJC_WEAK = YES;
				CLANG_WARN_BLOCK_CAPTURE_AUTORELEASING = YES;
				CLANG_WARN_BOOL_CONVERSION = YES;
				CLANG_WARN_COMMA = YES;
				CLANG_WARN_CONSTANT_CONVERSION = YES;
				CLANG_WARN_DEPRECATED_OBJC_IMPLEMENTATIONS = YES;
				CLANG_WARN_DIRECT_OBJC_ISA_USAGE = YES_ERROR;
				CLANG_WARN_DOCUMENTATION_COMMENTS = YES;
				CLANG_WARN_EMPTY_BODY = YES;
				CLANG_WARN_ENUM_CONVERSION = YES;
				CLANG_WARN_INFINITE_RECURSION = YES;
				CLANG_WARN_INT_CONVERSION = YES;
				CLANG_WARN_NON_LITERAL_NULL_CONVERSION = YES;
				CLANG_WARN_OBJC_IMPLICIT_RETAIN_SELF = YES;
				CLANG_WARN_OBJC_LITERAL_CONVERSION = YES;
				CLANG_WARN_OBJC_ROOT_CLASS = YES_ERROR;
				CLANG_WARN_QUOTED_INCLUDE_IN_FRAMEWORK_HEADER = YES;
				CLANG_WARN_RANGE_LOOP_ANALYSIS = YES;
				CLANG_WARN_STRICT_PROTOTYPES = YES;
				CLANG_WARN_SUSPICIOUS_MOVE = YES;
				CLANG_WARN_UNGUARDED_AVAILABILITY = YES_AGGRESSIVE;
				CLANG_WARN_UNREACHABLE_CODE = YES;
				CLANG_WARN__DUPLICATE_METHOD_MATCH = YES;
				COPY_PHASE_STRIP = NO;
				DEBUG_INFORMATION_FORMAT = "dwarf-with-dsym";
				ENABLE_NS_ASSERTIONS = NO;
				ENABLE_STRICT_OBJC_MSGSEND = YES;
				GCC_C_LANGUAGE_STANDARD = gnu11;
				GCC_NO_COMMON_BLOCKS = YES;
				GCC_WARN_64_TO_32_BIT_CONVERSION = YES;
				GCC_WARN_ABOUT_RETURN_TYPE = YES_ERROR;
				GCC_WARN_UNDECLARED_SELECTOR = YES;
				GCC_WARN_UNINITIALIZED_AUTOS = YES_AGGRESSIVE;
				GCC_WARN_UNUSED_FUNCTION = YES;
				GCC_WARN_UNUSED_VARIABLE = YES;
				IPHONEOS_DEPLOYMENT_TARGET = 14.5;
				MTL_ENABLE_DEBUG_INFO = NO;
				MTL_FAST_MATH = YES;
				SDKROOT = iphoneos;
				SWIFT_COMPILATION_MODE = wholemodule;
				SWIFT_OPTIMIZATION_LEVEL = "-O";
				VALIDATE_PRODUCT = YES;
			};
			name = Release;
		};
		7904B9FB273DD0CE008227B7 /* Debug */ = {
			isa = XCBuildConfiguration;
			baseConfigurationReference = CBE82CC1D48465E165A54D6B /* Pods-Charger.debug.xcconfig */;
			buildSettings = {
				ASSETCATALOG_COMPILER_APPICON_NAME = AppIcon;
				ASSETCATALOG_COMPILER_GLOBAL_ACCENT_COLOR_NAME = AccentColor;
				CODE_SIGN_STYLE = Automatic;
				DEVELOPMENT_ASSET_PATHS = "\"Charger/Preview Content\"";
				DEVELOPMENT_TEAM = H7Y45777YP;
				ENABLE_PREVIEWS = YES;
				INFOPLIST_FILE = Charger/Info.plist;
				IPHONEOS_DEPLOYMENT_TARGET = 14.0;
				LD_RUNPATH_SEARCH_PATHS = (
					"$(inherited)",
					"@executable_path/Frameworks",
				);
				PRODUCT_BUNDLE_IDENTIFIER = com.SpaceMonkeyLabs.Charger;
				PRODUCT_NAME = "$(TARGET_NAME)";
				SWIFT_VERSION = 5.0;
				TARGETED_DEVICE_FAMILY = 1;
			};
			name = Debug;
		};
		7904B9FC273DD0CE008227B7 /* Release */ = {
			isa = XCBuildConfiguration;
			baseConfigurationReference = 39E62F6B8330CFF56D257674 /* Pods-Charger.release.xcconfig */;
			buildSettings = {
				ASSETCATALOG_COMPILER_APPICON_NAME = AppIcon;
				ASSETCATALOG_COMPILER_GLOBAL_ACCENT_COLOR_NAME = AccentColor;
				CODE_SIGN_STYLE = Automatic;
				DEVELOPMENT_ASSET_PATHS = "\"Charger/Preview Content\"";
				DEVELOPMENT_TEAM = H7Y45777YP;
				ENABLE_PREVIEWS = YES;
				INFOPLIST_FILE = Charger/Info.plist;
				IPHONEOS_DEPLOYMENT_TARGET = 14.0;
				LD_RUNPATH_SEARCH_PATHS = (
					"$(inherited)",
					"@executable_path/Frameworks",
				);
				PRODUCT_BUNDLE_IDENTIFIER = com.SpaceMonkeyLabs.Charger;
				PRODUCT_NAME = "$(TARGET_NAME)";
				SWIFT_VERSION = 5.0;
				TARGETED_DEVICE_FAMILY = 1;
			};
			name = Release;
		};
/* End XCBuildConfiguration section */

/* Begin XCConfigurationList section */
		7904B9E6273DD0CD008227B7 /* Build configuration list for PBXProject "Chargersy" */ = {
			isa = XCConfigurationList;
			buildConfigurations = (
				7904B9F8273DD0CE008227B7 /* Debug */,
				7904B9F9273DD0CE008227B7 /* Release */,
			);
			defaultConfigurationIsVisible = 0;
			defaultConfigurationName = Release;
		};
		7904B9FA273DD0CE008227B7 /* Build configuration list for PBXNativeTarget "Chargersy" */ = {
			isa = XCConfigurationList;
			buildConfigurations = (
				7904B9FB273DD0CE008227B7 /* Debug */,
				7904B9FC273DD0CE008227B7 /* Release */,
			);
			defaultConfigurationIsVisible = 0;
			defaultConfigurationName = Release;
		};
/* End XCConfigurationList section */
	};
	rootObject = 7904B9E3273DD0CD008227B7 /* Project object */;
}
